// !$*UTF8*$!
{
	archiveVersion = 1;
	classes = {
	};
	objectVersion = 70;
	objects = {

/* Begin PBXBuildFile section */
		058557BB273AAA24004C7B11 /* Assets.xcassets in Resources */ = {isa = PBXBuildFile; fileRef = 058557BA273AAA24004C7B11 /* Assets.xcassets */; };
		058557D9273AAEEB004C7B11 /* Preview Assets.xcassets in Resources */ = {isa = PBXBuildFile; fileRef = 058557D8273AAEEB004C7B11 /* Preview Assets.xcassets */; };
		2152FB042600AC8F00CF470E /* iOSApp.swift in Sources */ = {isa = PBXBuildFile; fileRef = 2152FB032600AC8F00CF470E /* iOSApp.swift */; };
		3E53EAAB2DF4806C00EDD723 /* AllChargersViewModel.swift in Sources */ = {isa = PBXBuildFile; fileRef = 3E53EAAA2DF4806C00EDD723 /* AllChargersViewModel.swift */; };
		3E9EA7422DDF5FBD0071596E /* ChargerCardView.swift in Sources */ = {isa = PBXBuildFile; fileRef = 3E9EA7412DDF5FBD0071596E /* ChargerCardView.swift */; };
		3E9EA7442DDF5FE00071596E /* ChargerViewModel.swift in Sources */ = {isa = PBXBuildFile; fileRef = 3E9EA7432DDF5FE00071596E /* ChargerViewModel.swift */; };
		3E9EA7472DDF60CF0071596E /* SwiftyBeaver in Frameworks */ = {isa = PBXBuildFile; productRef = 3E9EA7462DDF60CF0071596E /* SwiftyBeaver */; };
		3E9EA74A2DDF63E70071596E /* LoadingView.swift in Sources */ = {isa = PBXBuildFile; fileRef = 3E9EA7492DDF63E70071596E /* LoadingView.swift */; };
		3E9EA74C2DDF737B0071596E /* ChargerService.swift in Sources */ = {isa = PBXBuildFile; fileRef = 3E9EA74B2DDF737B0071596E /* ChargerService.swift */; };
		3E9EA74E2DDF75E10071596E /* AllChargersView.swift in Sources */ = {isa = PBXBuildFile; fileRef = 3E9EA74D2DDF75E10071596E /* AllChargersView.swift */; };
		3E9EA7502DDF7FB70071596E /* OnboardingView.swift in Sources */ = {isa = PBXBuildFile; fileRef = 3E9EA74F2DDF7FB70071596E /* OnboardingView.swift */; };
		3E9EA7522DDF86450071596E /* NavigationDestination.swift in Sources */ = {isa = PBXBuildFile; fileRef = 3E9EA7512DDF86450071596E /* NavigationDestination.swift */; };
		3E9EA7552DDF88F90071596E /* ChargerDetailsView.swift in Sources */ = {isa = PBXBuildFile; fileRef = 3E9EA7542DDF88F90071596E /* ChargerDetailsView.swift */; };
		3E9EA7572DDF8E800071596E /* ColorExtension.swift in Sources */ = {isa = PBXBuildFile; fileRef = 3E9EA7562DDF8E800071596E /* ColorExtension.swift */; };
		3E9EA7592DDF9D3F0071596E /* ChargerModel.swift in Sources */ = {isa = PBXBuildFile; fileRef = 3E9EA7582DDF9D3F0071596E /* ChargerModel.swift */; };
		3E9EA75D2DE0C5250071596E /* ChargerStatus.swift in Sources */ = {isa = PBXBuildFile; fileRef = 3E9EA75C2DE0C5250071596E /* ChargerStatus.swift */; };
		7555FF83242A565900829871 /* ChargerView.swift in Sources */ = {isa = PBXBuildFile; fileRef = 7555FF82242A565900829871 /* ChargerView.swift */; };
/* End PBXBuildFile section */

/* Begin PBXContainerItemProxy section */
		3E9EA7692DE0CC250071596E /* PBXContainerItemProxy */ = {
			isa = PBXContainerItemProxy;
			containerPortal = 7555FF73242A565900829871 /* Project object */;
			proxyType = 1;
			remoteGlobalIDString = 7555FF7A242A565900829871;
			remoteInfo = iosApp;
		};
/* End PBXContainerItemProxy section */

/* Begin PBXCopyFilesBuildPhase section */
		7555FFB4242A642300829871 /* Embed Frameworks */ = {
			isa = PBXCopyFilesBuildPhase;
			buildActionMask = 2147483647;
			dstPath = "";
			dstSubfolderSpec = 10;
			files = (
			);
			name = "Embed Frameworks";
			runOnlyForDeploymentPostprocessing = 0;
		};
/* End PBXCopyFilesBuildPhase section */

/* Begin PBXFileReference section */
		058557BA273AAA24004C7B11 /* Assets.xcassets */ = {isa = PBXFileReference; lastKnownFileType = folder.assetcatalog; path = Assets.xcassets; sourceTree = "<group>"; };
		058557D8273AAEEB004C7B11 /* Preview Assets.xcassets */ = {isa = PBXFileReference; lastKnownFileType = folder.assetcatalog; path = "Preview Assets.xcassets"; sourceTree = "<group>"; };
		2152FB032600AC8F00CF470E /* iOSApp.swift */ = {isa = PBXFileReference; lastKnownFileType = sourcecode.swift; path = iOSApp.swift; sourceTree = "<group>"; };
		3E53EAAA2DF4806C00EDD723 /* AllChargersViewModel.swift */ = {isa = PBXFileReference; lastKnownFileType = sourcecode.swift; path = AllChargersViewModel.swift; sourceTree = "<group>"; };
		3E9EA7412DDF5FBD0071596E /* ChargerCardView.swift */ = {isa = PBXFileReference; lastKnownFileType = sourcecode.swift; path = ChargerCardView.swift; sourceTree = "<group>"; };
		3E9EA7432DDF5FE00071596E /* ChargerViewModel.swift */ = {isa = PBXFileReference; lastKnownFileType = sourcecode.swift; path = ChargerViewModel.swift; sourceTree = "<group>"; };
		3E9EA7492DDF63E70071596E /* LoadingView.swift */ = {isa = PBXFileReference; lastKnownFileType = sourcecode.swift; path = LoadingView.swift; sourceTree = "<group>"; };
		3E9EA74B2DDF737B0071596E /* ChargerService.swift */ = {isa = PBXFileReference; lastKnownFileType = sourcecode.swift; path = ChargerService.swift; sourceTree = "<group>"; };
		3E9EA74D2DDF75E10071596E /* AllChargersView.swift */ = {isa = PBXFileReference; lastKnownFileType = sourcecode.swift; path = AllChargersView.swift; sourceTree = "<group>"; };
		3E9EA74F2DDF7FB70071596E /* OnboardingView.swift */ = {isa = PBXFileReference; lastKnownFileType = sourcecode.swift; path = OnboardingView.swift; sourceTree = "<group>"; };
		3E9EA7512DDF86450071596E /* NavigationDestination.swift */ = {isa = PBXFileReference; lastKnownFileType = sourcecode.swift; path = NavigationDestination.swift; sourceTree = "<group>"; };
		3E9EA7542DDF88F90071596E /* ChargerDetailsView.swift */ = {isa = PBXFileReference; lastKnownFileType = sourcecode.swift; path = ChargerDetailsView.swift; sourceTree = "<group>"; };
		3E9EA7562DDF8E800071596E /* ColorExtension.swift */ = {isa = PBXFileReference; lastKnownFileType = sourcecode.swift; path = ColorExtension.swift; sourceTree = "<group>"; };
		3E9EA7582DDF9D3F0071596E /* ChargerModel.swift */ = {isa = PBXFileReference; lastKnownFileType = sourcecode.swift; path = ChargerModel.swift; sourceTree = "<group>"; };
		3E9EA75C2DE0C5250071596E /* ChargerStatus.swift */ = {isa = PBXFileReference; lastKnownFileType = sourcecode.swift; path = ChargerStatus.swift; sourceTree = "<group>"; };
		3E9EA7652DE0CC250071596E /* iosAppTests.xctest */ = {isa = PBXFileReference; explicitFileType = wrapper.cfbundle; includeInIndex = 0; path = iosAppTests.xctest; sourceTree = BUILT_PRODUCTS_DIR; };
		7555FF7B242A565900829871 /* iosApp.app */ = {isa = PBXFileReference; explicitFileType = wrapper.application; includeInIndex = 0; path = iosApp.app; sourceTree = BUILT_PRODUCTS_DIR; };
		7555FF82242A565900829871 /* ChargerView.swift */ = {isa = PBXFileReference; lastKnownFileType = sourcecode.swift; path = ChargerView.swift; sourceTree = "<group>"; };
		7555FF8C242A565B00829871 /* Info.plist */ = {isa = PBXFileReference; lastKnownFileType = text.plist.xml; path = Info.plist; sourceTree = "<group>"; };
/* End PBXFileReference section */

/* Begin PBXFileSystemSynchronizedRootGroup section */
		3E9EA7662DE0CC250071596E /* iosAppTests */ = {isa = PBXFileSystemSynchronizedRootGroup; explicitFileTypes = {}; explicitFolders = (); path = iosAppTests; sourceTree = "<group>"; };
/* End PBXFileSystemSynchronizedRootGroup section */

/* Begin PBXFrameworksBuildPhase section */
		3E9EA7622DE0CC250071596E /* Frameworks */ = {
			isa = PBXFrameworksBuildPhase;
			buildActionMask = 2147483647;
			files = (
			);
			runOnlyForDeploymentPostprocessing = 0;
		};
		7555FF78242A565900829871 /* Frameworks */ = {
			isa = PBXFrameworksBuildPhase;
			buildActionMask = 2147483647;
			files = (
				3E9EA7472DDF60CF0071596E /* SwiftyBeaver in Frameworks */,
			);
			runOnlyForDeploymentPostprocessing = 0;
		};
/* End PBXFrameworksBuildPhase section */

/* Begin PBXGroup section */
		058557D7273AAEEB004C7B11 /* Preview Content */ = {
			isa = PBXGroup;
			children = (
				058557D8273AAEEB004C7B11 /* Preview Assets.xcassets */,
			);
			path = "Preview Content";
			sourceTree = "<group>";
		};
		3E53EAA72DF47DC400EDD723 /* All Chargers */ = {
			isa = PBXGroup;
			children = (
				3E53EAA82DF47E1A00EDD723 /* View */,
				3E53EAA92DF47E1E00EDD723 /* View Model */,
			);
			path = "All Chargers";
			sourceTree = "<group>";
		};
		3E53EAA82DF47E1A00EDD723 /* View */ = {
			isa = PBXGroup;
			children = (
				3E9EA74D2DDF75E10071596E /* AllChargersView.swift */,
			);
			path = View;
			sourceTree = "<group>";
		};
		3E53EAA92DF47E1E00EDD723 /* View Model */ = {
			isa = PBXGroup;
			children = (
				3E53EAAA2DF4806C00EDD723 /* AllChargersViewModel.swift */,
			);
			path = "View Model";
			sourceTree = "<group>";
		};
		3E9EA7352DDF5BE90071596E /* Charger */ = {
			isa = PBXGroup;
			children = (
				3E9EA7372DDF5BFA0071596E /* Model */,
				3E9EA7382DDF5BFE0071596E /* View */,
				3E9EA7392DDF5C020071596E /* View Model */,
				3E9EA73A2DDF5C070071596E /* Service */,
			);
			path = Charger;
			sourceTree = "<group>";
		};
		3E9EA7362DDF5BEF0071596E /* Charger Details */ = {
			isa = PBXGroup;
			children = (
				3E9EA7532DDF88F00071596E /* View */,
			);
			path = "Charger Details";
			sourceTree = "<group>";
		};
		3E9EA7372DDF5BFA0071596E /* Model */ = {
			isa = PBXGroup;
			children = (
				3E9EA7582DDF9D3F0071596E /* ChargerModel.swift */,
			);
			path = Model;
			sourceTree = "<group>";
		};
		3E9EA7382DDF5BFE0071596E /* View */ = {
			isa = PBXGroup;
			children = (
				7555FF82242A565900829871 /* ChargerView.swift */,
				3E9EA7412DDF5FBD0071596E /* ChargerCardView.swift */,
			);
			path = View;
			sourceTree = "<group>";
		};
		3E9EA7392DDF5C020071596E /* View Model */ = {
			isa = PBXGroup;
			children = (
				3E9EA7432DDF5FE00071596E /* ChargerViewModel.swift */,
			);
			path = "View Model";
			sourceTree = "<group>";
		};
		3E9EA73A2DDF5C070071596E /* Service */ = {
			isa = PBXGroup;
			children = (
				3E9EA74B2DDF737B0071596E /* ChargerService.swift */,
			);
			path = Service;
			sourceTree = "<group>";
		};
		3E9EA73B2DDF5C5D0071596E /* Code */ = {
			isa = PBXGroup;
			children = (
				3E9EA73E2DDF5CA70071596E /* Common */,
				3E9EA73D2DDF5C9B0071596E /* Utilities */,
				3E9EA73C2DDF5C720071596E /* Features */,
			);
			path = Code;
			sourceTree = "<group>";
		};
		3E9EA73C2DDF5C720071596E /* Features */ = {
			isa = PBXGroup;
			children = (
				3E9EA7352DDF5BE90071596E /* Charger */,
				3E53EAA72DF47DC400EDD723 /* All Chargers */,
				3E9EA7362DDF5BEF0071596E /* Charger Details */,
			);
			path = Features;
			sourceTree = "<group>";
		};
		3E9EA73D2DDF5C9B0071596E /* Utilities */ = {
			isa = PBXGroup;
			children = (
				3E9EA73F2DDF5DD80071596E /* Enumerations */,
				3E9EA7402DDF5DDF0071596E /* Extensions */,
			);
			path = Utilities;
			sourceTree = "<group>";
		};
		3E9EA73E2DDF5CA70071596E /* Common */ = {
			isa = PBXGroup;
			children = (
				3E9EA7482DDF625E0071596E /* View */,
			);
			path = Common;
			sourceTree = "<group>";
		};
		3E9EA73F2DDF5DD80071596E /* Enumerations */ = {
			isa = PBXGroup;
			children = (
				3E9EA7512DDF86450071596E /* NavigationDestination.swift */,
				3E9EA75C2DE0C5250071596E /* ChargerStatus.swift */,
			);
			path = Enumerations;
			sourceTree = "<group>";
		};
		3E9EA7402DDF5DDF0071596E /* Extensions */ = {
			isa = PBXGroup;
			children = (
				3E9EA7562DDF8E800071596E /* ColorExtension.swift */,
			);
			path = Extensions;
			sourceTree = "<group>";
		};
		3E9EA7482DDF625E0071596E /* View */ = {
			isa = PBXGroup;
			children = (
				3E9EA7492DDF63E70071596E /* LoadingView.swift */,
				3E9EA74F2DDF7FB70071596E /* OnboardingView.swift */,
			);
			path = View;
			sourceTree = "<group>";
		};
		3E9EA7532DDF88F00071596E /* View */ = {
			isa = PBXGroup;
			children = (
				3E9EA7542DDF88F90071596E /* ChargerDetailsView.swift */,
			);
			path = View;
			sourceTree = "<group>";
		};
		7555FF72242A565900829871 = {
			isa = PBXGroup;
			children = (
				7555FF7D242A565900829871 /* iosApp */,
				3E9EA7662DE0CC250071596E /* iosAppTests */,
				7555FF7C242A565900829871 /* Products */,
				7555FFB0242A642200829871 /* Frameworks */,
			);
			sourceTree = "<group>";
		};
		7555FF7C242A565900829871 /* Products */ = {
			isa = PBXGroup;
			children = (
				7555FF7B242A565900829871 /* iosApp.app */,
				3E9EA7652DE0CC250071596E /* iosAppTests.xctest */,
			);
			name = Products;
			sourceTree = "<group>";
		};
		7555FF7D242A565900829871 /* iosApp */ = {
			isa = PBXGroup;
			children = (
				3E9EA73B2DDF5C5D0071596E /* Code */,
				058557BA273AAA24004C7B11 /* Assets.xcassets */,
				7555FF8C242A565B00829871 /* Info.plist */,
				2152FB032600AC8F00CF470E /* iOSApp.swift */,
				058557D7273AAEEB004C7B11 /* Preview Content */,
			);
			path = iosApp;
			sourceTree = "<group>";
		};
		7555FFB0242A642200829871 /* Frameworks */ = {
			isa = PBXGroup;
			children = (
			);
			name = Frameworks;
			sourceTree = "<group>";
		};
/* End PBXGroup section */

/* Begin PBXNativeTarget section */
		3E9EA7642DE0CC250071596E /* iosAppTests */ = {
			isa = PBXNativeTarget;
			buildConfigurationList = 3E9EA76B2DE0CC250071596E /* Build configuration list for PBXNativeTarget "iosAppTests" */;
			buildPhases = (
				3E9EA7612DE0CC250071596E /* Sources */,
				3E9EA7622DE0CC250071596E /* Frameworks */,
				3E9EA7632DE0CC250071596E /* Resources */,
			);
			buildRules = (
			);
			dependencies = (
				3E9EA76A2DE0CC250071596E /* PBXTargetDependency */,
			);
			fileSystemSynchronizedGroups = (
				3E9EA7662DE0CC250071596E /* iosAppTests */,
			);
			name = iosAppTests;
			packageProductDependencies = (
			);
			productName = iosAppTests;
			productReference = 3E9EA7652DE0CC250071596E /* iosAppTests.xctest */;
			productType = "com.apple.product-type.bundle.unit-test";
		};
		7555FF7A242A565900829871 /* iosApp */ = {
			isa = PBXNativeTarget;
			buildConfigurationList = 7555FFA5242A565B00829871 /* Build configuration list for PBXNativeTarget "iosApp" */;
			buildPhases = (
				7555FFB5242A651A00829871 /* ShellScript */,
				7555FF77242A565900829871 /* Sources */,
				7555FF78242A565900829871 /* Frameworks */,
				7555FF79242A565900829871 /* Resources */,
				7555FFB4242A642300829871 /* Embed Frameworks */,
			);
			buildRules = (
			);
			dependencies = (
			);
			name = iosApp;
			productName = iosApp;
			productReference = 7555FF7B242A565900829871 /* iosApp.app */;
			productType = "com.apple.product-type.application";
		};
/* End PBXNativeTarget section */

/* Begin PBXProject section */
		7555FF73242A565900829871 /* Project object */ = {
			isa = PBXProject;
			attributes = {
				BuildIndependentTargetsInParallel = YES;
				LastSwiftUpdateCheck = 1630;
				LastUpgradeCheck = 1630;
				ORGANIZATIONNAME = orgName;
				TargetAttributes = {
					3E9EA7642DE0CC250071596E = {
						CreatedOnToolsVersion = 16.3;
						TestTargetID = 7555FF7A242A565900829871;
					};
					7555FF7A242A565900829871 = {
						CreatedOnToolsVersion = 11.3.1;
					};
				};
			};
			buildConfigurationList = 7555FF76242A565900829871 /* Build configuration list for PBXProject "iosApp" */;
			compatibilityVersion = "Xcode 9.3";
			developmentRegion = en;
			hasScannedForEncodings = 0;
			knownRegions = (
				en,
				Base,
			);
			mainGroup = 7555FF72242A565900829871;
			packageReferences = (
				3E9EA7452DDF60CF0071596E /* XCRemoteSwiftPackageReference "SwiftyBeaver" */,
			);
			productRefGroup = 7555FF7C242A565900829871 /* Products */;
			projectDirPath = "";
			projectRoot = "";
			targets = (
				7555FF7A242A565900829871 /* iosApp */,
				3E9EA7642DE0CC250071596E /* iosAppTests */,
			);
		};
/* End PBXProject section */

/* Begin PBXResourcesBuildPhase section */
		3E9EA7632DE0CC250071596E /* Resources */ = {
			isa = PBXResourcesBuildPhase;
			buildActionMask = 2147483647;
			files = (
			);
			runOnlyForDeploymentPostprocessing = 0;
		};
		7555FF79242A565900829871 /* Resources */ = {
			isa = PBXResourcesBuildPhase;
			buildActionMask = 2147483647;
			files = (
				058557D9273AAEEB004C7B11 /* Preview Assets.xcassets in Resources */,
				058557BB273AAA24004C7B11 /* Assets.xcassets in Resources */,
			);
			runOnlyForDeploymentPostprocessing = 0;
		};
/* End PBXResourcesBuildPhase section */

/* Begin PBXShellScriptBuildPhase section */
		7555FFB5242A651A00829871 /* ShellScript */ = {
			isa = PBXShellScriptBuildPhase;
			alwaysOutOfDate = 1;
			buildActionMask = 2147483647;
			files = (
			);
			inputFileListPaths = (
			);
			inputPaths = (
			);
			outputFileListPaths = (
			);
			outputPaths = (
			);
			runOnlyForDeploymentPostprocessing = 0;
			shellPath = /bin/sh;
			shellScript = "cd \"$SRCROOT/..\"\n./gradlew :shared:embedAndSignAppleFrameworkForXcode\n";
		};
/* End PBXShellScriptBuildPhase section */

/* Begin PBXSourcesBuildPhase section */
		3E9EA7612DE0CC250071596E /* Sources */ = {
			isa = PBXSourcesBuildPhase;
			buildActionMask = 2147483647;
			files = (
			);
			runOnlyForDeploymentPostprocessing = 0;
		};
		7555FF77242A565900829871 /* Sources */ = {
			isa = PBXSourcesBuildPhase;
			buildActionMask = 2147483647;
			files = (
				3E9EA7422DDF5FBD0071596E /* ChargerCardView.swift in Sources */,
				3E9EA7442DDF5FE00071596E /* ChargerViewModel.swift in Sources */,
				3E9EA7552DDF88F90071596E /* ChargerDetailsView.swift in Sources */,
				2152FB042600AC8F00CF470E /* iOSApp.swift in Sources */,
				3E9EA74A2DDF63E70071596E /* LoadingView.swift in Sources */,
				3E9EA74C2DDF737B0071596E /* ChargerService.swift in Sources */,
				3E9EA7502DDF7FB70071596E /* OnboardingView.swift in Sources */,
				3E53EAAB2DF4806C00EDD723 /* AllChargersViewModel.swift in Sources */,
				3E9EA74E2DDF75E10071596E /* AllChargersView.swift in Sources */,
				3E9EA7522DDF86450071596E /* NavigationDestination.swift in Sources */,
				3E9EA75D2DE0C5250071596E /* ChargerStatus.swift in Sources */,
				3E9EA7572DDF8E800071596E /* ColorExtension.swift in Sources */,
				3E9EA7592DDF9D3F0071596E /* ChargerModel.swift in Sources */,
				7555FF83242A565900829871 /* ChargerView.swift in Sources */,
			);
			runOnlyForDeploymentPostprocessing = 0;
		};
/* End PBXSourcesBuildPhase section */

/* Begin PBXTargetDependency section */
		3E9EA76A2DE0CC250071596E /* PBXTargetDependency */ = {
			isa = PBXTargetDependency;
			target = 7555FF7A242A565900829871 /* iosApp */;
			targetProxy = 3E9EA7692DE0CC250071596E /* PBXContainerItemProxy */;
		};
/* End PBXTargetDependency section */

/* Begin XCBuildConfiguration section */
		3E9EA76C2DE0CC250071596E /* Debug */ = {
			isa = XCBuildConfiguration;
			buildSettings = {
				ASSETCATALOG_COMPILER_GENERATE_SWIFT_ASSET_SYMBOL_EXTENSIONS = YES;
				BUNDLE_LOADER = "$(TEST_HOST)";
				CLANG_CXX_LANGUAGE_STANDARD = "gnu++20";
				CODE_SIGN_STYLE = Automatic;
				CURRENT_PROJECT_VERSION = 1;
				DEBUG_INFORMATION_FORMAT = dwarf;
				DEVELOPMENT_TEAM = JB4H896VDB;
				GCC_C_LANGUAGE_STANDARD = gnu17;
				GENERATE_INFOPLIST_FILE = YES;
				IPHONEOS_DEPLOYMENT_TARGET = 18.4;
				LOCALIZATION_PREFERS_STRING_CATALOGS = YES;
				MARKETING_VERSION = 1.0;
				PRODUCT_BUNDLE_IDENTIFIER = com.negev.iosAppTests;
				PRODUCT_NAME = "$(TARGET_NAME)";
				SWIFT_ACTIVE_COMPILATION_CONDITIONS = "DEBUG $(inherited)";
				SWIFT_EMIT_LOC_STRINGS = NO;
				SWIFT_VERSION = 5.0;
				TARGETED_DEVICE_FAMILY = "1,2";
				TEST_HOST = "$(BUILT_PRODUCTS_DIR)/iosApp.app/$(BUNDLE_EXECUTABLE_FOLDER_PATH)/iosApp";
			};
			name = Debug;
		};
		3E9EA76D2DE0CC250071596E /* Release */ = {
			isa = XCBuildConfiguration;
			buildSettings = {
				ASSETCATALOG_COMPILER_GENERATE_SWIFT_ASSET_SYMBOL_EXTENSIONS = YES;
				BUNDLE_LOADER = "$(TEST_HOST)";
				CLANG_CXX_LANGUAGE_STANDARD = "gnu++20";
				CODE_SIGN_STYLE = Automatic;
				CURRENT_PROJECT_VERSION = 1;
				DEVELOPMENT_TEAM = JB4H896VDB;
				GCC_C_LANGUAGE_STANDARD = gnu17;
				GENERATE_INFOPLIST_FILE = YES;
				IPHONEOS_DEPLOYMENT_TARGET = 18.4;
				LOCALIZATION_PREFERS_STRING_CATALOGS = YES;
				MARKETING_VERSION = 1.0;
				PRODUCT_BUNDLE_IDENTIFIER = com.negev.iosAppTests;
				PRODUCT_NAME = "$(TARGET_NAME)";
				SWIFT_EMIT_LOC_STRINGS = NO;
				SWIFT_VERSION = 5.0;
				TARGETED_DEVICE_FAMILY = "1,2";
				TEST_HOST = "$(BUILT_PRODUCTS_DIR)/iosApp.app/$(BUNDLE_EXECUTABLE_FOLDER_PATH)/iosApp";
			};
			name = Release;
		};
		7555FFA3242A565B00829871 /* Debug */ = {
			isa = XCBuildConfiguration;
			buildSettings = {
				ALWAYS_SEARCH_USER_PATHS = NO;
				CLANG_ANALYZER_NONNULL = YES;
				CLANG_ANALYZER_NUMBER_OBJECT_CONVERSION = YES_AGGRESSIVE;
				CLANG_CXX_LANGUAGE_STANDARD = "gnu++14";
				CLANG_CXX_LIBRARY = "libc++";
				CLANG_ENABLE_MODULES = YES;
				CLANG_ENABLE_OBJC_ARC = YES;
				CLANG_ENABLE_OBJC_WEAK = YES;
				CLANG_WARN_BLOCK_CAPTURE_AUTORELEASING = YES;
				CLANG_WARN_BOOL_CONVERSION = YES;
				CLANG_WARN_COMMA = YES;
				CLANG_WARN_CONSTANT_CONVERSION = YES;
				CLANG_WARN_DEPRECATED_OBJC_IMPLEMENTATIONS = YES;
				CLANG_WARN_DIRECT_OBJC_ISA_USAGE = YES_ERROR;
				CLANG_WARN_DOCUMENTATION_COMMENTS = YES;
				CLANG_WARN_EMPTY_BODY = YES;
				CLANG_WARN_ENUM_CONVERSION = YES;
				CLANG_WARN_INFINITE_RECURSION = YES;
				CLANG_WARN_INT_CONVERSION = YES;
				CLANG_WARN_NON_LITERAL_NULL_CONVERSION = YES;
				CLANG_WARN_OBJC_IMPLICIT_RETAIN_SELF = YES;
				CLANG_WARN_OBJC_LITERAL_CONVERSION = YES;
				CLANG_WARN_OBJC_ROOT_CLASS = YES_ERROR;
				CLANG_WARN_QUOTED_INCLUDE_IN_FRAMEWORK_HEADER = YES;
				CLANG_WARN_RANGE_LOOP_ANALYSIS = YES;
				CLANG_WARN_STRICT_PROTOTYPES = YES;
				CLANG_WARN_SUSPICIOUS_MOVE = YES;
				CLANG_WARN_UNGUARDED_AVAILABILITY = YES_AGGRESSIVE;
				CLANG_WARN_UNREACHABLE_CODE = YES;
				CLANG_WARN__DUPLICATE_METHOD_MATCH = YES;
				COPY_PHASE_STRIP = NO;
				DEBUG_INFORMATION_FORMAT = "dwarf-with-dsym";
				DEVELOPMENT_TEAM = HDMRB686XN;
				ENABLE_STRICT_OBJC_MSGSEND = YES;
				ENABLE_TESTABILITY = YES;
				ENABLE_USER_SCRIPT_SANDBOXING = YES;
				GCC_C_LANGUAGE_STANDARD = gnu11;
				GCC_DYNAMIC_NO_PIC = NO;
				GCC_NO_COMMON_BLOCKS = YES;
				GCC_OPTIMIZATION_LEVEL = 0;
				GCC_PREPROCESSOR_DEFINITIONS = (
					"DEBUG=1",
					"$(inherited)",
				);
				GCC_WARN_64_TO_32_BIT_CONVERSION = YES;
				GCC_WARN_ABOUT_RETURN_TYPE = YES_ERROR;
				GCC_WARN_UNDECLARED_SELECTOR = YES;
				GCC_WARN_UNINITIALIZED_AUTOS = YES_AGGRESSIVE;
				GCC_WARN_UNUSED_FUNCTION = YES;
				GCC_WARN_UNUSED_VARIABLE = YES;
				IPHONEOS_DEPLOYMENT_TARGET = 14.1;
				MTL_ENABLE_DEBUG_INFO = INCLUDE_SOURCE;
				MTL_FAST_MATH = YES;
				ONLY_ACTIVE_ARCH = YES;
				SDKROOT = iphoneos;
				SWIFT_ACTIVE_COMPILATION_CONDITIONS = DEBUG;
				SWIFT_EMIT_LOC_STRINGS = YES;
				SWIFT_OPTIMIZATION_LEVEL = "-Onone";
			};
			name = Debug;
		};
		7555FFA4242A565B00829871 /* Release */ = {
			isa = XCBuildConfiguration;
			buildSettings = {
				ALWAYS_SEARCH_USER_PATHS = NO;
				CLANG_ANALYZER_NONNULL = YES;
				CLANG_ANALYZER_NUMBER_OBJECT_CONVERSION = YES_AGGRESSIVE;
				CLANG_CXX_LANGUAGE_STANDARD = "gnu++14";
				CLANG_CXX_LIBRARY = "libc++";
				CLANG_ENABLE_MODULES = YES;
				CLANG_ENABLE_OBJC_ARC = YES;
				CLANG_ENABLE_OBJC_WEAK = YES;
				CLANG_WARN_BLOCK_CAPTURE_AUTORELEASING = YES;
				CLANG_WARN_BOOL_CONVERSION = YES;
				CLANG_WARN_COMMA = YES;
				CLANG_WARN_CONSTANT_CONVERSION = YES;
				CLANG_WARN_DEPRECATED_OBJC_IMPLEMENTATIONS = YES;
				CLANG_WARN_DIRECT_OBJC_ISA_USAGE = YES_ERROR;
				CLANG_WARN_DOCUMENTATION_COMMENTS = YES;
				CLANG_WARN_EMPTY_BODY = YES;
				CLANG_WARN_ENUM_CONVERSION = YES;
				CLANG_WARN_INFINITE_RECURSION = YES;
				CLANG_WARN_INT_CONVERSION = YES;
				CLANG_WARN_NON_LITERAL_NULL_CONVERSION = YES;
				CLANG_WARN_OBJC_IMPLICIT_RETAIN_SELF = YES;
				CLANG_WARN_OBJC_LITERAL_CONVERSION = YES;
				CLANG_WARN_OBJC_ROOT_CLASS = YES_ERROR;
				CLANG_WARN_QUOTED_INCLUDE_IN_FRAMEWORK_HEADER = YES;
				CLANG_WARN_RANGE_LOOP_ANALYSIS = YES;
				CLANG_WARN_STRICT_PROTOTYPES = YES;
				CLANG_WARN_SUSPICIOUS_MOVE = YES;
				CLANG_WARN_UNGUARDED_AVAILABILITY = YES_AGGRESSIVE;
				CLANG_WARN_UNREACHABLE_CODE = YES;
				CLANG_WARN__DUPLICATE_METHOD_MATCH = YES;
				COPY_PHASE_STRIP = NO;
				DEBUG_INFORMATION_FORMAT = "dwarf-with-dsym";
				DEVELOPMENT_TEAM = HDMRB686XN;
				ENABLE_NS_ASSERTIONS = NO;
				ENABLE_STRICT_OBJC_MSGSEND = YES;
				ENABLE_USER_SCRIPT_SANDBOXING = YES;
				GCC_C_LANGUAGE_STANDARD = gnu11;
				GCC_NO_COMMON_BLOCKS = YES;
				GCC_WARN_64_TO_32_BIT_CONVERSION = YES;
				GCC_WARN_ABOUT_RETURN_TYPE = YES_ERROR;
				GCC_WARN_UNDECLARED_SELECTOR = YES;
				GCC_WARN_UNINITIALIZED_AUTOS = YES_AGGRESSIVE;
				GCC_WARN_UNUSED_FUNCTION = YES;
				GCC_WARN_UNUSED_VARIABLE = YES;
				IPHONEOS_DEPLOYMENT_TARGET = 14.1;
				MTL_ENABLE_DEBUG_INFO = NO;
				MTL_FAST_MATH = YES;
				SDKROOT = iphoneos;
				SWIFT_COMPILATION_MODE = wholemodule;
				SWIFT_EMIT_LOC_STRINGS = YES;
				SWIFT_OPTIMIZATION_LEVEL = "-O";
				VALIDATE_PRODUCT = YES;
			};
			name = Release;
		};
		7555FFA6242A565B00829871 /* Debug */ = {
			isa = XCBuildConfiguration;
			buildSettings = {
				ASSETCATALOG_COMPILER_APPICON_NAME = AppIcon;
				CODE_SIGN_STYLE = Automatic;
				DEVELOPMENT_ASSET_PATHS = "\"iosApp/Preview Content\"";
				DEVELOPMENT_TEAM = JB4H896VDB;
				ENABLE_PREVIEWS = YES;
				ENABLE_USER_SCRIPT_SANDBOXING = NO;
				FRAMEWORK_SEARCH_PATHS = (
					"$(inherited)",
					"$(SRCROOT)/../shared/build/xcode-frameworks/$(CONFIGURATION)/$(SDK_NAME)",
				);
				INFOPLIST_FILE = iosApp/Info.plist;
				IPHONEOS_DEPLOYMENT_TARGET = 16.0;
				LD_RUNPATH_SEARCH_PATHS = (
					"$(inherited)",
					"@executable_path/Frameworks",
				);
				OTHER_LDFLAGS = (
					"$(inherited)",
					"-framework",
					shared,
				);
				PRODUCT_BUNDLE_IDENTIFIER = com.zaptec.kmp.app;
				PRODUCT_NAME = "$(TARGET_NAME)";
				SWIFT_VERSION = 5.0;
				TARGETED_DEVICE_FAMILY = "1,2";
			};
			name = Debug;
		};
		7555FFA7242A565B00829871 /* Release */ = {
			isa = XCBuildConfiguration;
			buildSettings = {
				ASSETCATALOG_COMPILER_APPICON_NAME = AppIcon;
				CODE_SIGN_STYLE = Automatic;
				DEVELOPMENT_ASSET_PATHS = "\"iosApp/Preview Content\"";
				DEVELOPMENT_TEAM = JB4H896VDB;
				ENABLE_PREVIEWS = YES;
				ENABLE_USER_SCRIPT_SANDBOXING = NO;
				FRAMEWORK_SEARCH_PATHS = (
					"$(inherited)",
					"$(SRCROOT)/../shared/build/xcode-frameworks/$(CONFIGURATION)/$(SDK_NAME)",
				);
				INFOPLIST_FILE = iosApp/Info.plist;
				IPHONEOS_DEPLOYMENT_TARGET = 16.0;
				LD_RUNPATH_SEARCH_PATHS = (
					"$(inherited)",
					"@executable_path/Frameworks",
				);
				OTHER_LDFLAGS = (
					"$(inherited)",
					"-framework",
					shared,
				);
				PRODUCT_BUNDLE_IDENTIFIER = com.zaptec.kmp.app;
				PRODUCT_NAME = "$(TARGET_NAME)";
				SWIFT_VERSION = 5.0;
				TARGETED_DEVICE_FAMILY = "1,2";
			};
			name = Release;
		};
/* End XCBuildConfiguration section */

/* Begin XCConfigurationList section */
		3E9EA76B2DE0CC250071596E /* Build configuration list for PBXNativeTarget "iosAppTests" */ = {
			isa = XCConfigurationList;
			buildConfigurations = (
				3E9EA76C2DE0CC250071596E /* Debug */,
				3E9EA76D2DE0CC250071596E /* Release */,
			);
			defaultConfigurationIsVisible = 0;
			defaultConfigurationName = Release;
		};
		7555FF76242A565900829871 /* Build configuration list for PBXProject "iosApp" */ = {
			isa = XCConfigurationList;
			buildConfigurations = (
				7555FFA3242A565B00829871 /* Debug */,
				7555FFA4242A565B00829871 /* Release */,
			);
			defaultConfigurationIsVisible = 0;
			defaultConfigurationName = Release;
		};
		7555FFA5242A565B00829871 /* Build configuration list for PBXNativeTarget "iosApp" */ = {
			isa = XCConfigurationList;
			buildConfigurations = (
				7555FFA6242A565B00829871 /* Debug */,
				7555FFA7242A565B00829871 /* Release */,
			);
			defaultConfigurationIsVisible = 0;
			defaultConfigurationName = Release;
		};
/* End XCConfigurationList section */

/* Begin XCRemoteSwiftPackageReference section */
		3E9EA7452DDF60CF0071596E /* XCRemoteSwiftPackageReference "SwiftyBeaver" */ = {
			isa = XCRemoteSwiftPackageReference;
			repositoryURL = "https://github.com/SwiftyBeaver/SwiftyBeaver.git";
			requirement = {
				kind = upToNextMajorVersion;
				minimumVersion = 2.1.1;
			};
		};
/* End XCRemoteSwiftPackageReference section */

/* Begin XCSwiftPackageProductDependency section */
		3E9EA7462DDF60CF0071596E /* SwiftyBeaver */ = {
			isa = XCSwiftPackageProductDependency;
			package = 3E9EA7452DDF60CF0071596E /* XCRemoteSwiftPackageReference "SwiftyBeaver" */;
			productName = SwiftyBeaver;
		};
/* End XCSwiftPackageProductDependency section */
	};
	rootObject = 7555FF73242A565900829871 /* Project object */;
}
